// !$*UTF8*$!
{
	archiveVersion = 1;
	classes = {
	};
	objectVersion = 50;
	objects = {

/* Begin PBXBuildFile section */
		D42A559A2275CE6F00030EB2 /* JKInputTableView.m in Sources */ = {isa = PBXBuildFile; fileRef = D42A55972275CE6F00030EB2 /* JKInputTableView.m */; };
		D42A559B2275CE6F00030EB2 /* JKSelectTextField.m in Sources */ = {isa = PBXBuildFile; fileRef = D42A55982275CE6F00030EB2 /* JKSelectTextField.m */; };
		D42A632A226029F50099666B /* AppDelegate.m in Sources */ = {isa = PBXBuildFile; fileRef = D42A6329226029F50099666B /* AppDelegate.m */; };
		D42A632D226029F50099666B /* ViewController.m in Sources */ = {isa = PBXBuildFile; fileRef = D42A632C226029F50099666B /* ViewController.m */; };
		D42A6330226029F50099666B /* Main.storyboard in Resources */ = {isa = PBXBuildFile; fileRef = D42A632E226029F50099666B /* Main.storyboard */; };
		D42A6332226029FE0099666B /* Assets.xcassets in Resources */ = {isa = PBXBuildFile; fileRef = D42A6331226029FE0099666B /* Assets.xcassets */; };
		D42A6335226029FE0099666B /* LaunchScreen.storyboard in Resources */ = {isa = PBXBuildFile; fileRef = D42A6333226029FE0099666B /* LaunchScreen.storyboard */; };
		D42A6338226029FE0099666B /* main.m in Sources */ = {isa = PBXBuildFile; fileRef = D42A6337226029FE0099666B /* main.m */; };
/* End PBXBuildFile section */

/* Begin PBXFileReference section */
		D42A55962275CE6F00030EB2 /* JKSelectTextField.h */ = {isa = PBXFileReference; fileEncoding = 4; lastKnownFileType = sourcecode.c.h; path = JKSelectTextField.h; sourceTree = "<group>"; };
		D42A55972275CE6F00030EB2 /* JKInputTableView.m */ = {isa = PBXFileReference; fileEncoding = 4; lastKnownFileType = sourcecode.c.objc; path = JKInputTableView.m; sourceTree = "<group>"; };
		D42A55982275CE6F00030EB2 /* JKSelectTextField.m */ = {isa = PBXFileReference; fileEncoding = 4; lastKnownFileType = sourcecode.c.objc; path = JKSelectTextField.m; sourceTree = "<group>"; };
		D42A55992275CE6F00030EB2 /* JKInputTableView.h */ = {isa = PBXFileReference; fileEncoding = 4; lastKnownFileType = sourcecode.c.h; path = JKInputTableView.h; sourceTree = "<group>"; };
		D42A6325226029F50099666B /* JKSelectTextField.app */ = {isa = PBXFileReference; explicitFileType = wrapper.application; includeInIndex = 0; path = JKSelectTextField.app; sourceTree = BUILT_PRODUCTS_DIR; };
		D42A6328226029F50099666B /* AppDelegate.h */ = {isa = PBXFileReference; lastKnownFileType = sourcecode.c.h; path = AppDelegate.h; sourceTree = "<group>"; };
		D42A6329226029F50099666B /* AppDelegate.m */ = {isa = PBXFileReference; lastKnownFileType = sourcecode.c.objc; path = AppDelegate.m; sourceTree = "<group>"; };
		D42A632B226029F50099666B /* ViewController.h */ = {isa = PBXFileReference; lastKnownFileType = sourcecode.c.h; path = ViewController.h; sourceTree = "<group>"; };
		D42A632C226029F50099666B /* ViewController.m */ = {isa = PBXFileReference; lastKnownFileType = sourcecode.c.objc; path = ViewController.m; sourceTree = "<group>"; };
		D42A632F226029F50099666B /* Base */ = {isa = PBXFileReference; lastKnownFileType = file.storyboard; name = Base; path = Base.lproj/Main.storyboard; sourceTree = "<group>"; };
		D42A6331226029FE0099666B /* Assets.xcassets */ = {isa = PBXFileReference; lastKnownFileType = folder.assetcatalog; path = Assets.xcassets; sourceTree = "<group>"; };
		D42A6334226029FE0099666B /* Base */ = {isa = PBXFileReference; lastKnownFileType = file.storyboard; name = Base; path = Base.lproj/LaunchScreen.storyboard; sourceTree = "<group>"; };
		D42A6336226029FE0099666B /* Info.plist */ = {isa = PBXFileReference; lastKnownFileType = text.plist.xml; path = Info.plist; sourceTree = "<group>"; };
		D42A6337226029FE0099666B /* main.m */ = {isa = PBXFileReference; lastKnownFileType = sourcecode.c.objc; path = main.m; sourceTree = "<group>"; };
/* End PBXFileReference section */

/* Begin PBXFrameworksBuildPhase section */
		D42A6322226029F50099666B /* Frameworks */ = {
			isa = PBXFrameworksBuildPhase;
			buildActionMask = 2147483647;
			files = (
			);
			runOnlyForDeploymentPostprocessing = 0;
		};
/* End PBXFrameworksBuildPhase section */

/* Begin PBXGroup section */
		D42A55952275CE6F00030EB2 /* Sources */ = {
			isa = PBXGroup;
			children = (
				D42A55962275CE6F00030EB2 /* JKSelectTextField.h */,
				D42A55972275CE6F00030EB2 /* JKInputTableView.m */,
				D42A55982275CE6F00030EB2 /* JKSelectTextField.m */,
				D42A55992275CE6F00030EB2 /* JKInputTableView.h */,
			);
			name = Sources;
			path = ../../Sources;
			sourceTree = "<group>";
		};
		D42A631C226029F50099666B = {
			isa = PBXGroup;
			children = (
				D42A6327226029F50099666B /* JKSelectTextField */,
				D42A6326226029F50099666B /* Products */,
			);
			sourceTree = "<group>";
		};
		D42A6326226029F50099666B /* Products */ = {
			isa = PBXGroup;
			children = (
				D42A6325226029F50099666B /* JKSelectTextField.app */,
			);
			name = Products;
			sourceTree = "<group>";
		};
		D42A6327226029F50099666B /* JKSelectTextField */ = {
			isa = PBXGroup;
			children = (
				D42A6328226029F50099666B /* AppDelegate.h */,
				D42A6329226029F50099666B /* AppDelegate.m */,
				D42A632B226029F50099666B /* ViewController.h */,
				D42A632C226029F50099666B /* ViewController.m */,
				D42A55952275CE6F00030EB2 /* Sources */,
				D42A632E226029F50099666B /* Main.storyboard */,
				D42A6331226029FE0099666B /* Assets.xcassets */,
				D42A6333226029FE0099666B /* LaunchScreen.storyboard */,
				D42A6336226029FE0099666B /* Info.plist */,
				D42A6337226029FE0099666B /* main.m */,
			);
			path = JKSelectTextField;
			sourceTree = "<group>";
		};
/* End PBXGroup section */

/* Begin PBXNativeTarget section */
		D42A6324226029F50099666B /* JKSelectTextField */ = {
			isa = PBXNativeTarget;
			buildConfigurationList = D42A633B226029FE0099666B /* Build configuration list for PBXNativeTarget "JKSelectTextField" */;
			buildPhases = (
				D42A6321226029F50099666B /* Sources */,
				D42A6322226029F50099666B /* Frameworks */,
				D42A6323226029F50099666B /* Resources */,
			);
			buildRules = (
			);
			dependencies = (
			);
			name = JKSelectTextField;
			productName = JKSelectTextField;
			productReference = D42A6325226029F50099666B /* JKSelectTextField.app */;
			productType = "com.apple.product-type.application";
		};
/* End PBXNativeTarget section */

/* Begin PBXProject section */
		D42A631D226029F50099666B /* Project object */ = {
			isa = PBXProject;
			attributes = {
				LastUpgradeCheck = 1020;
				ORGANIZATIONNAME = Jack;
				TargetAttributes = {
					D42A6324226029F50099666B = {
						CreatedOnToolsVersion = 10.2;
					};
				};
			};
			buildConfigurationList = D42A6320226029F50099666B /* Build configuration list for PBXProject "JKSelectTextField" */;
			compatibilityVersion = "Xcode 9.3";
			developmentRegion = en;
			hasScannedForEncodings = 0;
			knownRegions = (
				en,
				Base,
			);
			mainGroup = D42A631C226029F50099666B;
			productRefGroup = D42A6326226029F50099666B /* Products */;
			projectDirPath = "";
			projectRoot = "";
			targets = (
				D42A6324226029F50099666B /* JKSelectTextField */,
			);
		};
/* End PBXProject section */

/* Begin PBXResourcesBuildPhase section */
		D42A6323226029F50099666B /* Resources */ = {
			isa = PBXResourcesBuildPhase;
			buildActionMask = 2147483647;
			files = (
				D42A6335226029FE0099666B /* LaunchScreen.storyboard in Resources */,
				D42A6332226029FE0099666B /* Assets.xcassets in Resources */,
				D42A6330226029F50099666B /* Main.storyboard in Resources */,
			);
			runOnlyForDeploymentPostprocessing = 0;
		};
/* End PBXResourcesBuildPhase section */

/* Begin PBXSourcesBuildPhase section */
		D42A6321226029F50099666B /* Sources */ = {
			isa = PBXSourcesBuildPhase;
			buildActionMask = 2147483647;
			files = (
				D42A632D226029F50099666B /* ViewController.m in Sources */,
				D42A559A2275CE6F00030EB2 /* JKInputTableView.m in Sources */,
				D42A6338226029FE0099666B /* main.m in Sources */,
				D42A559B2275CE6F00030EB2 /* JKSelectTextField.m in Sources */,
				D42A632A226029F50099666B /* AppDelegate.m in Sources */,
			);
			runOnlyForDeploymentPostprocessing = 0;
		};
/* End PBXSourcesBuildPhase section */

/* Begin PBXVariantGroup section */
		D42A632E226029F50099666B /* Main.storyboard */ = {
			isa = PBXVariantGroup;
			children = (
				D42A632F226029F50099666B /* Base */,
			);
			name = Main.storyboard;
			sourceTree = "<group>";
		};
		D42A6333226029FE0099666B /* LaunchScreen.storyboard */ = {
			isa = PBXVariantGroup;
			children = (
				D42A6334226029FE0099666B /* Base */,
			);
			name = LaunchScreen.storyboard;
			sourceTree = "<group>";
		};
/* End PBXVariantGroup section */

/* Begin XCBuildConfiguration section */
		D42A6339226029FE0099666B /* Debug */ = {
			isa = XCBuildConfiguration;
			buildSettings = {
				ALWAYS_SEARCH_USER_PATHS = NO;
				CLANG_ANALYZER_NONNULL = YES;
				CLANG_ANALYZER_NUMBER_OBJECT_CONVERSION = YES_AGGRESSIVE;
				CLANG_CXX_LANGUAGE_STANDARD = "gnu++14";
				CLANG_CXX_LIBRARY = "libc++";
				CLANG_ENABLE_MODULES = YES;
				CLANG_ENABLE_OBJC_ARC = YES;
				CLANG_ENABLE_OBJC_WEAK = YES;
				CLANG_WARN_BLOCK_CAPTURE_AUTORELEASING = YES;
				CLANG_WARN_BOOL_CONVERSION = YES;
				CLANG_WARN_COMMA = YES;
				CLANG_WARN_CONSTANT_CONVERSION = YES;
				CLANG_WARN_DEPRECATED_OBJC_IMPLEMENTATIONS = YES;
				CLANG_WARN_DIRECT_OBJC_ISA_USAGE = YES_ERROR;
				CLANG_WARN_DOCUMENTATION_COMMENTS = YES;
				CLANG_WARN_EMPTY_BODY = YES;
				CLANG_WARN_ENUM_CONVERSION = YES;
				CLANG_WARN_INFINITE_RECURSION = YES;
				CLANG_WARN_INT_CONVERSION = YES;
				CLANG_WARN_NON_LITERAL_NULL_CONVERSION = YES;
				CLANG_WARN_OBJC_IMPLICIT_RETAIN_SELF = YES;
				CLANG_WARN_OBJC_LITERAL_CONVERSION = YES;
				CLANG_WARN_OBJC_ROOT_CLASS = YES_ERROR;
				CLANG_WARN_RANGE_LOOP_ANALYSIS = YES;
				CLANG_WARN_STRICT_PROTOTYPES = YES;
				CLANG_WARN_SUSPICIOUS_MOVE = YES;
				CLANG_WARN_UNGUARDED_AVAILABILITY = YES_AGGRESSIVE;
				CLANG_WARN_UNREACHABLE_CODE = YES;
				CLANG_WARN__DUPLICATE_METHOD_MATCH = YES;
				CODE_SIGN_IDENTITY = "iPhone Developer";
				COPY_PHASE_STRIP = NO;
				DEBUG_INFORMATION_FORMAT = dwarf;
				ENABLE_STRICT_OBJC_MSGSEND = YES;
				ENABLE_TESTABILITY = YES;
				GCC_C_LANGUAGE_STANDARD = gnu11;
				GCC_DYNAMIC_NO_PIC = NO;
				GCC_NO_COMMON_BLOCKS = YES;
				GCC_OPTIMIZATION_LEVEL = 0;
				GCC_PREPROCESSOR_DEFINITIONS = (
					"DEBUG=1",
					"$(inherited)",
				);
				GCC_WARN_64_TO_32_BIT_CONVERSION = YES;
				GCC_WARN_ABOUT_RETURN_TYPE = YES_ERROR;
				GCC_WARN_UNDECLARED_SELECTOR = YES;
				GCC_WARN_UNINITIALIZED_AUTOS = YES_AGGRESSIVE;
				GCC_WARN_UNUSED_FUNCTION = YES;
				GCC_WARN_UNUSED_VARIABLE = YES;
				IPHONEOS_DEPLOYMENT_TARGET = 12.2;
				MTL_ENABLE_DEBUG_INFO = INCLUDE_SOURCE;
				MTL_FAST_MATH = YES;
				ONLY_ACTIVE_ARCH = YES;
				SDKROOT = iphoneos;
			};
			name = Debug;
		};
		D42A633A226029FE0099666B /* Release */ = {
			isa = XCBuildConfiguration;
			buildSettings = {
				ALWAYS_SEARCH_USER_PATHS = NO;
				CLANG_ANALYZER_NONNULL = YES;
				CLANG_ANALYZER_NUMBER_OBJECT_CONVERSION = YES_AGGRESSIVE;
				CLANG_CXX_LANGUAGE_STANDARD = "gnu++14";
				CLANG_CXX_LIBRARY = "libc++";
				CLANG_ENABLE_MODULES = YES;
				CLANG_ENABLE_OBJC_ARC = YES;
				CLANG_ENABLE_OBJC_WEAK = YES;
				CLANG_WARN_BLOCK_CAPTURE_AUTORELEASING = YES;
				CLANG_WARN_BOOL_CONVERSION = YES;
				CLANG_WARN_COMMA = YES;
				CLANG_WARN_CONSTANT_CONVERSION = YES;
				CLANG_WARN_DEPRECATED_OBJC_IMPLEMENTATIONS = YES;
				CLANG_WARN_DIRECT_OBJC_ISA_USAGE = YES_ERROR;
				CLANG_WARN_DOCUMENTATION_COMMENTS = YES;
				CLANG_WARN_EMPTY_BODY = YES;
				CLANG_WARN_ENUM_CONVERSION = YES;
				CLANG_WARN_INFINITE_RECURSION = YES;
				CLANG_WARN_INT_CONVERSION = YES;
				CLANG_WARN_NON_LITERAL_NULL_CONVERSION = YES;
				CLANG_WARN_OBJC_IMPLICIT_RETAIN_SELF = YES;
				CLANG_WARN_OBJC_LITERAL_CONVERSION = YES;
				CLANG_WARN_OBJC_ROOT_CLASS = YES_ERROR;
				CLANG_WARN_RANGE_LOOP_ANALYSIS = YES;
				CLANG_WARN_STRICT_PROTOTYPES = YES;
				CLANG_WARN_SUSPICIOUS_MOVE = YES;
				CLANG_WARN_UNGUARDED_AVAILABILITY = YES_AGGRESSIVE;
				CLANG_WARN_UNREACHABLE_CODE = YES;
				CLANG_WARN__DUPLICATE_METHOD_MATCH = YES;
				CODE_SIGN_IDENTITY = "iPhone Developer";
				COPY_PHASE_STRIP = NO;
				DEBUG_INFORMATION_FORMAT = "dwarf-with-dsym";
				ENABLE_NS_ASSERTIONS = NO;
				ENABLE_STRICT_OBJC_MSGSEND = YES;
				GCC_C_LANGUAGE_STANDARD = gnu11;
				GCC_NO_COMMON_BLOCKS = YES;
				GCC_WARN_64_TO_32_BIT_CONVERSION = YES;
				GCC_WARN_ABOUT_RETURN_TYPE = YES_ERROR;
				GCC_WARN_UNDECLARED_SELECTOR = YES;
				GCC_WARN_UNINITIALIZED_AUTOS = YES_AGGRESSIVE;
				GCC_WARN_UNUSED_FUNCTION = YES;
				GCC_WARN_UNUSED_VARIABLE = YES;
				IPHONEOS_DEPLOYMENT_TARGET = 12.2;
				MTL_ENABLE_DEBUG_INFO = NO;
				MTL_FAST_MATH = YES;
				SDKROOT = iphoneos;
				VALIDATE_PRODUCT = YES;
			};
			name = Release;
		};
		D42A633C226029FE0099666B /* Debug */ = {
			isa = XCBuildConfiguration;
			buildSettings = {
				ASSETCATALOG_COMPILER_APPICON_NAME = AppIcon;
				CODE_SIGN_STYLE = Automatic;
				INFOPLIST_FILE = JKSelectTextField/Info.plist;
				IPHONEOS_DEPLOYMENT_TARGET = 9.0;
				LD_RUNPATH_SEARCH_PATHS = (
					"$(inherited)",
					"@executable_path/Frameworks",
				);
				PRODUCT_BUNDLE_IDENTIFIER = qxkj.JKSelectTextField;
				PRODUCT_NAME = "$(TARGET_NAME)";
				TARGETED_DEVICE_FAMILY = "1,2";
			};
			name = Debug;
		};
		D42A633D226029FE0099666B /* Release */ = {
			isa = XCBuildConfiguration;
			buildSettings = {
				ASSETCATALOG_COMPILER_APPICON_NAME = AppIcon;
				CODE_SIGN_STYLE = Automatic;
				INFOPLIST_FILE = JKSelectTextField/Info.plist;
				IPHONEOS_DEPLOYMENT_TARGET = 9.0;
				LD_RUNPATH_SEARCH_PATHS = (
					"$(inherited)",
					"@executable_path/Frameworks",
				);
				PRODUCT_BUNDLE_IDENTIFIER = qxkj.JKSelectTextField;
				PRODUCT_NAME = "$(TARGET_NAME)";
				TARGETED_DEVICE_FAMILY = "1,2";
			};
			name = Release;
		};
/* End XCBuildConfiguration section */

/* Begin XCConfigurationList section */
		D42A6320226029F50099666B /* Build configuration list for PBXProject "JKSelectTextField" */ = {
			isa = XCConfigurationList;
			buildConfigurations = (
				D42A6339226029FE0099666B /* Debug */,
				D42A633A226029FE0099666B /* Release */,
			);
			defaultConfigurationIsVisible = 0;
			defaultConfigurationName = Release;
		};
		D42A633B226029FE0099666B /* Build configuration list for PBXNativeTarget "JKSelectTextField" */ = {
			isa = XCConfigurationList;
			buildConfigurations = (
				D42A633C226029FE0099666B /* Debug */,
				D42A633D226029FE0099666B /* Release */,
			);
			defaultConfigurationIsVisible = 0;
			defaultConfigurationName = Release;
		};
/* End XCConfigurationList section */
	};
	rootObject = D42A631D226029F50099666B /* Project object */;
}
